[{<<"cowboy">>,
  {git,"https://github.com/ninenines/cowboy.git",
       {ref,"a76c32db5e32ab6a6b35ce6625cb3aedcac067b6"}},
  0},
 {<<"cowlib">>,
  {git,"https://github.com/ninenines/cowlib",
       {ref,"93b2b897cde238506c803faad4d1602d79dba7c9"}},
  1},
 {<<"erlydtl">>,
  {git,"https://github.com/erlydtl/erlydtl.git",
       {ref,"032746b8068f367eb63923cb6f8b2095065015b9"}},
  0},
 {<<"goldrush">>,{pkg,<<"goldrush">>,<<"0.1.9">>},1},
 {<<"jsx">>,
  {git,"https://github.com/talentdeficit/jsx.git",
       {ref,"45ffea21a6863c58fb7da1f937e868916ff68b27"}},
  0},
 {<<"lager">>,
  {git,"https://github.com/erlang-lager/lager",
       {ref,"bf60290101306b3cc26544d0d181a5cff8931e82"}},
  0},
 {<<"ranch">>,
  {git,"https://github.com/ninenines/ranch",
       {ref,"8eaae552ec520605b7f4b0e5943256d2b5e3621c"}},
  1}].
